<?xml version="1.0" encoding="utf-8"?>
<Project ToolsVersion="4.0" xmlns="http://schemas.microsoft.com/developer/msbuild/2003">
  <ItemGroup>
    <Filter Include="Source Files">
      <UniqueIdentifier>{4FC737F1-C7A5-4376-A066-2A32D752A2FF}</UniqueIdentifier>
      <Extensions>cpp;c;cc;cxx;def;odl;idl;hpj;bat;asm;asmx</Extensions>
    </Filter>
    <Filter Include="3rd_Party_Libs">
      <UniqueIdentifier>{27a4fc9f-2bce-455b-845b-34a8581353c2}</UniqueIdentifier>
    </Filter>
  </ItemGroup>
  <ItemGroup>
    <Library Include="..\Program Files\Assimp\lib\x64\assimp-vc140-mt.lib">
      <Filter>3rd_Party_Libs</Filter>
    </Library>
  </ItemGroup>
  <ItemGroup>
    <ClCompile Include="src\asset_info.cpp">
      <Filter>Source Files</Filter>
    </ClCompile>
  </ItemGroup>
</Project>